
Microsoft Visual Studio Solution File, Format Version 12.00
# Visual Studio 15
Project("{FAE04EC0-301F-11D3-BF4B-00C04F79EFBC}") = "CallApi", "CallApi\CallApi.csproj", "{4CB309DF-969E-4EEF-967D-37DE2B5221A2}"
EndProject
Global
	GlobalSection(SolutionConfigurationPlatforms) = preSolution
		Debug|anycpu = Debug|anycpu
		Release|anycpu = Release|anycpu
	EndGlobalSection
	GlobalSection(ProjectConfigurationPlatforms) = postSolution
		{4CB309DF-969E-4EEF-967D-37DE2B5221A2}.Debug|anycpu.ActiveCfg = Debug|anycpu
		{4CB309DF-969E-4EEF-967D-37DE2B5221A2}.Debug|anycpu.Build.0 = Debug|anycpu
		{4CB309DF-969E-4EEF-967D-37DE2B5221A2}.Release|anycpu.ActiveCfg = Release|anycpu
		{4CB309DF-969E-4EEF-967D-37DE2B5221A2}.Release|anycpu.Build.0 = Release|anycpu
	EndGlobalSection
EndGlobal
